
Microsoft Visual Studio Solution File, Format Version 10.00
# Visual Studio 2008
Project("{FAE04EC0-301F-11D3-BF4B-00C04F79EFBC}") = "Unite.UI", "UI\Unite.UI.csproj", "{DF1A7919-466C-4321-BFEF-C3AAB6BF4841}"
	ProjectSection(ProjectDependencies) = postProject
		{6D6AD44D-28E7-4ED0-8A9F-68C36E9AFCC6} = {6D6AD44D-28E7-4ED0-8A9F-68C36E9AFCC6}
		{7E90D07E-E532-4F57-BD4D-41A3C64F6B3E} = {7E90D07E-E532-4F57-BD4D-41A3C64F6B3E}
	EndProjectSection
EndProject
Project("{FAE04EC0-301F-11D3-BF4B-00C04F79EFBC}") = "Unite.Specs", "Specs\Unite.Specs.csproj", "{FEBEE5E9-11DA-407E-8BF8-F52A9A4B72D6}"
EndProject
Project("{2150E333-8FDC-42A3-9474-1A3956D46DE8}") = "Plug Ins", "Plug Ins", "{37DA2247-7893-4ADA-AC91-922B74465BD4}"
EndProject
Project("{FAE04EC0-301F-11D3-BF4B-00C04F79EFBC}") = "IronTwitterPlugIn", "Plug Ins\IronTwitterPlugIn\IronTwitterPlugIn.csproj", "{7E90D07E-E532-4F57-BD4D-41A3C64F6B3E}"
EndProject
Project("{FAE04EC0-301F-11D3-BF4B-00C04F79EFBC}") = "Unite.Messaging", "Messaging\Unite.Messaging.csproj", "{7B3CBD74-D69D-420F-90F9-19174C7DE3FA}"
EndProject
Project("{FAE04EC0-301F-11D3-BF4B-00C04F79EFBC}") = "GoogleTalkPlugIn", "Plug Ins\GoogleTalkPlugIn\GoogleTalkPlugIn.csproj", "{6D6AD44D-28E7-4ED0-8A9F-68C36E9AFCC6}"
EndProject
Project("{FAE04EC0-301F-11D3-BF4B-00C04F79EFBC}") = "Unite.TestHarness", "Unite.TestHarness\Unite.TestHarness.csproj", "{12FCE33F-792C-4AC6-8733-A75017ADC6A7}"
EndProject
Project("{930C7802-8A8C-48F9-8165-68863BCCD9DD}") = "Unite.Setup", "Unite.Setup\Unite.Setup.wixproj", "{8092133E-60B2-4E7F-9575-5D7CD52FBF11}"
EndProject
Global
	GlobalSection(SolutionConfigurationPlatforms) = preSolution
		Debug|Any CPU = Debug|Any CPU
		Debug|Mixed Platforms = Debug|Mixed Platforms
		Debug|x86 = Debug|x86
		Release|Any CPU = Release|Any CPU
		Release|Mixed Platforms = Release|Mixed Platforms
		Release|x86 = Release|x86
	EndGlobalSection
	GlobalSection(ProjectConfigurationPlatforms) = postSolution
		{DF1A7919-466C-4321-BFEF-C3AAB6BF4841}.Debug|Any CPU.ActiveCfg = Debug|Any CPU
		{DF1A7919-466C-4321-BFEF-C3AAB6BF4841}.Debug|Any CPU.Build.0 = Debug|Any CPU
		{DF1A7919-466C-4321-BFEF-C3AAB6BF4841}.Debug|Mixed Platforms.ActiveCfg = Debug|Any CPU
		{DF1A7919-466C-4321-BFEF-C3AAB6BF4841}.Debug|Mixed Platforms.Build.0 = Debug|Any CPU
		{DF1A7919-466C-4321-BFEF-C3AAB6BF4841}.Debug|x86.ActiveCfg = Debug|Any CPU
		{DF1A7919-466C-4321-BFEF-C3AAB6BF4841}.Release|Any CPU.ActiveCfg = Release|Any CPU
		{DF1A7919-466C-4321-BFEF-C3AAB6BF4841}.Release|Any CPU.Build.0 = Release|Any CPU
		{DF1A7919-466C-4321-BFEF-C3AAB6BF4841}.Release|Mixed Platforms.ActiveCfg = Release|Any CPU
		{DF1A7919-466C-4321-BFEF-C3AAB6BF4841}.Release|Mixed Platforms.Build.0 = Release|Any CPU
		{DF1A7919-466C-4321-BFEF-C3AAB6BF4841}.Release|x86.ActiveCfg = Release|Any CPU
		{FEBEE5E9-11DA-407E-8BF8-F52A9A4B72D6}.Debug|Any CPU.ActiveCfg = Debug|Any CPU
		{FEBEE5E9-11DA-407E-8BF8-F52A9A4B72D6}.Debug|Any CPU.Build.0 = Debug|Any CPU
		{FEBEE5E9-11DA-407E-8BF8-F52A9A4B72D6}.Debug|Mixed Platforms.ActiveCfg = Debug|Any CPU
		{FEBEE5E9-11DA-407E-8BF8-F52A9A4B72D6}.Debug|Mixed Platforms.Build.0 = Debug|Any CPU
		{FEBEE5E9-11DA-407E-8BF8-F52A9A4B72D6}.Debug|x86.ActiveCfg = Debug|Any CPU
		{FEBEE5E9-11DA-407E-8BF8-F52A9A4B72D6}.Release|Any CPU.ActiveCfg = Release|Any CPU
		{FEBEE5E9-11DA-407E-8BF8-F52A9A4B72D6}.Release|Any CPU.Build.0 = Release|Any CPU
		{FEBEE5E9-11DA-407E-8BF8-F52A9A4B72D6}.Release|Mixed Platforms.ActiveCfg = Release|Any CPU
		{FEBEE5E9-11DA-407E-8BF8-F52A9A4B72D6}.Release|Mixed Platforms.Build.0 = Release|Any CPU
		{FEBEE5E9-11DA-407E-8BF8-F52A9A4B72D6}.Release|x86.ActiveCfg = Release|Any CPU
		{7E90D07E-E532-4F57-BD4D-41A3C64F6B3E}.Debug|Any CPU.ActiveCfg = Debug|Any CPU
		{7E90D07E-E532-4F57-BD4D-41A3C64F6B3E}.Debug|Any CPU.Build.0 = Debug|Any CPU
		{7E90D07E-E532-4F57-BD4D-41A3C64F6B3E}.Debug|Mixed Platforms.ActiveCfg = Debug|Any CPU
		{7E90D07E-E532-4F57-BD4D-41A3C64F6B3E}.Debug|Mixed Platforms.Build.0 = Debug|Any CPU
		{7E90D07E-E532-4F57-BD4D-41A3C64F6B3E}.Debug|x86.ActiveCfg = Debug|Any CPU
		{7E90D07E-E532-4F57-BD4D-41A3C64F6B3E}.Release|Any CPU.ActiveCfg = Release|Any CPU
		{7E90D07E-E532-4F57-BD4D-41A3C64F6B3E}.Release|Any CPU.Build.0 = Release|Any CPU
		{7E90D07E-E532-4F57-BD4D-41A3C64F6B3E}.Release|Mixed Platforms.ActiveCfg = Release|Any CPU
		{7E90D07E-E532-4F57-BD4D-41A3C64F6B3E}.Release|Mixed Platforms.Build.0 = Release|Any CPU
		{7E90D07E-E532-4F57-BD4D-41A3C64F6B3E}.Release|x86.ActiveCfg = Release|Any CPU
		{7B3CBD74-D69D-420F-90F9-19174C7DE3FA}.Debug|Any CPU.ActiveCfg = Debug|Any CPU
		{7B3CBD74-D69D-420F-90F9-19174C7DE3FA}.Debug|Any CPU.Build.0 = Debug|Any CPU
		{7B3CBD74-D69D-420F-90F9-19174C7DE3FA}.Debug|Mixed Platforms.ActiveCfg = Debug|Any CPU
		{7B3CBD74-D69D-420F-90F9-19174C7DE3FA}.Debug|Mixed Platforms.Build.0 = Debug|Any CPU
		{7B3CBD74-D69D-420F-90F9-19174C7DE3FA}.Debug|x86.ActiveCfg = Debug|Any CPU
		{7B3CBD74-D69D-420F-90F9-19174C7DE3FA}.Release|Any CPU.ActiveCfg = Release|Any CPU
		{7B3CBD74-D69D-420F-90F9-19174C7DE3FA}.Release|Any CPU.Build.0 = Release|Any CPU
		{7B3CBD74-D69D-420F-90F9-19174C7DE3FA}.Release|Mixed Platforms.ActiveCfg = Release|Any CPU
		{7B3CBD74-D69D-420F-90F9-19174C7DE3FA}.Release|Mixed Platforms.Build.0 = Release|Any CPU
		{7B3CBD74-D69D-420F-90F9-19174C7DE3FA}.Release|x86.ActiveCfg = Release|Any CPU
		{6D6AD44D-28E7-4ED0-8A9F-68C36E9AFCC6}.Debug|Any CPU.ActiveCfg = Debug|Any CPU
		{6D6AD44D-28E7-4ED0-8A9F-68C36E9AFCC6}.Debug|Any CPU.Build.0 = Debug|Any CPU
		{6D6AD44D-28E7-4ED0-8A9F-68C36E9AFCC6}.Debug|Mixed Platforms.ActiveCfg = Debug|Any CPU
		{6D6AD44D-28E7-4ED0-8A9F-68C36E9AFCC6}.Debug|Mixed Platforms.Build.0 = Debug|Any CPU
		{6D6AD44D-28E7-4ED0-8A9F-68C36E9AFCC6}.Debug|x86.ActiveCfg = Debug|Any CPU
		{6D6AD44D-28E7-4ED0-8A9F-68C36E9AFCC6}.Release|Any CPU.ActiveCfg = Release|Any CPU
		{6D6AD44D-28E7-4ED0-8A9F-68C36E9AFCC6}.Release|Any CPU.Build.0 = Release|Any CPU
		{6D6AD44D-28E7-4ED0-8A9F-68C36E9AFCC6}.Release|Mixed Platforms.ActiveCfg = Release|Any CPU
		{6D6AD44D-28E7-4ED0-8A9F-68C36E9AFCC6}.Release|Mixed Platforms.Build.0 = Release|Any CPU
		{6D6AD44D-28E7-4ED0-8A9F-68C36E9AFCC6}.Release|x86.ActiveCfg = Release|Any CPU
		{12FCE33F-792C-4AC6-8733-A75017ADC6A7}.Debug|Any CPU.ActiveCfg = Debug|Any CPU
		{12FCE33F-792C-4AC6-8733-A75017ADC6A7}.Debug|Any CPU.Build.0 = Debug|Any CPU
		{12FCE33F-792C-4AC6-8733-A75017ADC6A7}.Debug|Mixed Platforms.ActiveCfg = Debug|Any CPU
		{12FCE33F-792C-4AC6-8733-A75017ADC6A7}.Debug|Mixed Platforms.Build.0 = Debug|Any CPU
		{12FCE33F-792C-4AC6-8733-A75017ADC6A7}.Debug|x86.ActiveCfg = Debug|Any CPU
		{12FCE33F-792C-4AC6-8733-A75017ADC6A7}.Release|Any CPU.ActiveCfg = Release|Any CPU
		{12FCE33F-792C-4AC6-8733-A75017ADC6A7}.Release|Any CPU.Build.0 = Release|Any CPU
		{12FCE33F-792C-4AC6-8733-A75017ADC6A7}.Release|Mixed Platforms.ActiveCfg = Release|Any CPU
		{12FCE33F-792C-4AC6-8733-A75017ADC6A7}.Release|Mixed Platforms.Build.0 = Release|Any CPU
		{12FCE33F-792C-4AC6-8733-A75017ADC6A7}.Release|x86.ActiveCfg = Release|Any CPU
		{8092133E-60B2-4E7F-9575-5D7CD52FBF11}.Debug|Any CPU.ActiveCfg = Debug|x86
		{8092133E-60B2-4E7F-9575-5D7CD52FBF11}.Debug|Mixed Platforms.ActiveCfg = Debug|x86
		{8092133E-60B2-4E7F-9575-5D7CD52FBF11}.Debug|Mixed Platforms.Build.0 = Debug|x86
		{8092133E-60B2-4E7F-9575-5D7CD52FBF11}.Debug|x86.ActiveCfg = Debug|x86
		{8092133E-60B2-4E7F-9575-5D7CD52FBF11}.Debug|x86.Build.0 = Debug|x86
		{8092133E-60B2-4E7F-9575-5D7CD52FBF11}.Release|Any CPU.ActiveCfg = Release|x86
		{8092133E-60B2-4E7F-9575-5D7CD52FBF11}.Release|Mixed Platforms.ActiveCfg = Release|x86
		{8092133E-60B2-4E7F-9575-5D7CD52FBF11}.Release|Mixed Platforms.Build.0 = Release|x86
		{8092133E-60B2-4E7F-9575-5D7CD52FBF11}.Release|x86.ActiveCfg = Release|x86
		{8092133E-60B2-4E7F-9575-5D7CD52FBF11}.Release|x86.Build.0 = Release|x86
	EndGlobalSection
	GlobalSection(SolutionProperties) = preSolution
		HideSolutionNode = FALSE
	EndGlobalSection
	GlobalSection(NestedProjects) = preSolution
		{7E90D07E-E532-4F57-BD4D-41A3C64F6B3E} = {37DA2247-7893-4ADA-AC91-922B74465BD4}
		{6D6AD44D-28E7-4ED0-8A9F-68C36E9AFCC6} = {37DA2247-7893-4ADA-AC91-922B74465BD4}
	EndGlobalSection
EndGlobal
