
Microsoft Visual Studio Solution File, Format Version 10.00
# Visual Studio 2008
Project("{FAE04EC0-301F-11D3-BF4B-00C04F79EFBC}") = "Unite.UI", "IronTwit\Unite.UI.csproj", "{DF1A7919-466C-4321-BFEF-C3AAB6BF4841}"
EndProject
Project("{FAE04EC0-301F-11D3-BF4B-00C04F79EFBC}") = "Unite.Specs", "Specs\Unite.Specs.csproj", "{FEBEE5E9-11DA-407E-8BF8-F52A9A4B72D6}"
EndProject
Project("{2150E333-8FDC-42A3-9474-1A3956D46DE8}") = "Plug Ins", "Plug Ins", "{37DA2247-7893-4ADA-AC91-922B74465BD4}"
EndProject
Project("{FAE04EC0-301F-11D3-BF4B-00C04F79EFBC}") = "IronTwitterPlugIn", "IronTwitterPlugIn\IronTwitterPlugIn.csproj", "{7E90D07E-E532-4F57-BD4D-41A3C64F6B3E}"
EndProject
Project("{FAE04EC0-301F-11D3-BF4B-00C04F79EFBC}") = "Unite.Messaging", "UniteMessaging\Unite.Messaging.csproj", "{7B3CBD74-D69D-420F-90F9-19174C7DE3FA}"
EndProject
Global
	GlobalSection(SolutionConfigurationPlatforms) = preSolution
		Debug|Any CPU = Debug|Any CPU
		Release|Any CPU = Release|Any CPU
	EndGlobalSection
	GlobalSection(ProjectConfigurationPlatforms) = postSolution
		{DF1A7919-466C-4321-BFEF-C3AAB6BF4841}.Debug|Any CPU.ActiveCfg = Debug|Any CPU
		{DF1A7919-466C-4321-BFEF-C3AAB6BF4841}.Debug|Any CPU.Build.0 = Debug|Any CPU
		{DF1A7919-466C-4321-BFEF-C3AAB6BF4841}.Release|Any CPU.ActiveCfg = Release|Any CPU
		{DF1A7919-466C-4321-BFEF-C3AAB6BF4841}.Release|Any CPU.Build.0 = Release|Any CPU
		{FEBEE5E9-11DA-407E-8BF8-F52A9A4B72D6}.Debug|Any CPU.ActiveCfg = Debug|Any CPU
		{FEBEE5E9-11DA-407E-8BF8-F52A9A4B72D6}.Debug|Any CPU.Build.0 = Debug|Any CPU
		{FEBEE5E9-11DA-407E-8BF8-F52A9A4B72D6}.Release|Any CPU.ActiveCfg = Release|Any CPU
		{FEBEE5E9-11DA-407E-8BF8-F52A9A4B72D6}.Release|Any CPU.Build.0 = Release|Any CPU
		{7E90D07E-E532-4F57-BD4D-41A3C64F6B3E}.Debug|Any CPU.ActiveCfg = Debug|Any CPU
		{7E90D07E-E532-4F57-BD4D-41A3C64F6B3E}.Debug|Any CPU.Build.0 = Debug|Any CPU
		{7E90D07E-E532-4F57-BD4D-41A3C64F6B3E}.Release|Any CPU.ActiveCfg = Release|Any CPU
		{7E90D07E-E532-4F57-BD4D-41A3C64F6B3E}.Release|Any CPU.Build.0 = Release|Any CPU
		{7B3CBD74-D69D-420F-90F9-19174C7DE3FA}.Debug|Any CPU.ActiveCfg = Debug|Any CPU
		{7B3CBD74-D69D-420F-90F9-19174C7DE3FA}.Debug|Any CPU.Build.0 = Debug|Any CPU
		{7B3CBD74-D69D-420F-90F9-19174C7DE3FA}.Release|Any CPU.ActiveCfg = Release|Any CPU
		{7B3CBD74-D69D-420F-90F9-19174C7DE3FA}.Release|Any CPU.Build.0 = Release|Any CPU
	EndGlobalSection
	GlobalSection(SolutionProperties) = preSolution
		HideSolutionNode = FALSE
	EndGlobalSection
	GlobalSection(NestedProjects) = preSolution
		{7E90D07E-E532-4F57-BD4D-41A3C64F6B3E} = {37DA2247-7893-4ADA-AC91-922B74465BD4}
	EndGlobalSection
EndGlobal
